
Microsoft Visual Studio Solution File, Format Version 12.00
# Visual Studio Version 17
VisualStudioVersion = 17.14.36408.4 d17.14
MinimumVisualStudioVersion = 10.0.40219.1
Project("{FAE04EC0-301F-11D3-BF4B-00C04F79EFBC}") = "HUD1.3Mess-Ben.F", "HUD1.3Mess-Ben.F\HUD1.3Mess-Ben.F.csproj", "{9BF3FC2D-933F-41EB-8FBF-38D4D959329F}"
EndProject
Global
	GlobalSection(SolutionConfigurationPlatforms) = preSolution
		Debug|Any CPU = Debug|Any CPU
		Release|Any CPU = Release|Any CPU
	EndGlobalSection
	GlobalSection(ProjectConfigurationPlatforms) = postSolution
		{9BF3FC2D-933F-41EB-8FBF-38D4D959329F}.Debug|Any CPU.ActiveCfg = Debug|Any CPU
		{9BF3FC2D-933F-41EB-8FBF-38D4D959329F}.Debug|Any CPU.Build.0 = Debug|Any CPU
		{9BF3FC2D-933F-41EB-8FBF-38D4D959329F}.Release|Any CPU.ActiveCfg = Release|Any CPU
		{9BF3FC2D-933F-41EB-8FBF-38D4D959329F}.Release|Any CPU.Build.0 = Release|Any CPU
	EndGlobalSection
	GlobalSection(SolutionProperties) = preSolution
		HideSolutionNode = FALSE
	EndGlobalSection
	GlobalSection(ExtensibilityGlobals) = postSolution
		SolutionGuid = {DC9211B2-BE34-4176-96AA-16C323462F56}
	EndGlobalSection
EndGlobal
